<?xml version="1.0" encoding="utf-8"?>
<Project ToolsVersion="4.0" xmlns="http://schemas.microsoft.com/developer/msbuild/2003">
  <ItemGroup>
    <Filter Include="_excluded_files">
      <UniqueIdentifier>{158E591E-B6EA-0C85-8F5A-18EAFA09B4CE}</UniqueIdentifier>
    </Filter>
    <Filter Include="win">
      <UniqueIdentifier>{47FC5EC4-15EB-E92F-89D7-AFE51CF838A9}</UniqueIdentifier>
    </Filter>
  </ItemGroup>
  <ItemGroup>
    <ClCompile Include="markdown_json.c" />
    <ClCompile Include="markdown.c" />
    <None Include="markdown.gyp" />
    <ClCompile Include="markdown_output.c" />
    <ClCompile Include="GLibFacade.c" />
    <ClCompile Include="markdown_lib.c" />
    <ClCompile Include="markdown_parser.c" />
    <ClCompile Include="win\getopt.c">
      <Filter>win</Filter>
    </ClCompile>
    <ClCompile Include="win\getopt_long.c">
      <Filter>win</Filter>
    </ClCompile>
  </ItemGroup>
  <ItemGroup>
    <CustomBuild Include="markdown_parser.leg" />
  </ItemGroup>
</Project>