// !$*UTF8*$!
{
	archiveVersion = 1;
	classes = {
	};
	objectVersion = 45;
	objects = {

/* Begin PBXAggregateTarget section */
		DF37F5BEF33F6661EFCD9E0A /* markdown-json Support */ = {
			isa = PBXAggregateTarget;
			buildConfigurationList = 8BE324125321FA21048A68AB /* Build configuration list for PBXAggregateTarget "markdown-json Support" */;
			buildPhases = (
				153D6053228C814B10795A41 /* Action "leg" */,
			);
			dependencies = (
			);
			name = "markdown-json Support";
			productName = "markdown-json Support";
		};
/* End PBXAggregateTarget section */

/* Begin PBXBuildFile section */
		04417C74310B361DA6EC0D25 /* markdown_lib.c in Sources */ = {isa = PBXBuildFile; fileRef = 99063D35BB564FCD4C824D4A /* markdown_lib.c */; };
		2A857A4EFCE548616EFED015 /* markdown.c in Sources */ = {isa = PBXBuildFile; fileRef = AE02663ED854E81089180C53 /* markdown.c */; };
		50630B4BA320EC5E6C85F16F /* markdown_json.c in Sources */ = {isa = PBXBuildFile; fileRef = AF1506536ECD7EDECDAF9B2B /* markdown_json.c */; };
		68C66E206958085A7FB5854A /* markdown_parser.c in Sources */ = {isa = PBXBuildFile; fileRef = 37C21589DF7247DCA0DEF159 /* markdown_parser.c */; };
		E70760725822EC62E923ABBD /* GLibFacade.c in Sources */ = {isa = PBXBuildFile; fileRef = 93BFA7AC4C211049270124A2 /* GLibFacade.c */; };
/* End PBXBuildFile section */

/* Begin PBXContainerItemProxy section */
		99F7654154131F791D41FB99 /* PBXContainerItemProxy */ = {
			isa = PBXContainerItemProxy;
			containerPortal = 11EAA3573418BE38EB089B10 /* Project object */;
			proxyType = 1;
			remoteGlobalIDString = DF37F5BEF33F6661EFCD9E0A;
			remoteInfo = "markdown-json Support";
		};
/* End PBXContainerItemProxy section */

/* Begin PBXFileReference section */
		074521A6FFF2C40579B53C26 /* GLibFacade.h */ = {isa = PBXFileReference; lastKnownFileType = sourcecode.c.h; path = GLibFacade.h; sourceTree = "<group>"; };
		18A4AD811F734E71FE99A0F2 /* markdown_lib.h */ = {isa = PBXFileReference; lastKnownFileType = sourcecode.c.h; path = markdown_lib.h; sourceTree = "<group>"; };
		2564D59B0944383BDF6FB805 /* markdown-json.gyp */ = {isa = PBXFileReference; lastKnownFileType = text; path = "markdown-json.gyp"; sourceTree = "<group>"; };
		37C21589DF7247DCA0DEF159 /* markdown_parser.c */ = {isa = PBXFileReference; lastKnownFileType = sourcecode.c.c; path = markdown_parser.c; sourceTree = "<group>"; };
		47095DF9BC81671695F480AB /* parsing_functions.h */ = {isa = PBXFileReference; lastKnownFileType = sourcecode.c.h; path = parsing_functions.h; sourceTree = "<group>"; };
		63D72140E86706FFC1EDC204 /* markdown_json.h */ = {isa = PBXFileReference; lastKnownFileType = sourcecode.c.h; path = markdown_json.h; sourceTree = "<group>"; };
		70E4CED09A14FAD97C1A8EDE /* markdown_peg.h */ = {isa = PBXFileReference; lastKnownFileType = sourcecode.c.h; path = markdown_peg.h; sourceTree = "<group>"; };
		8FEE28F6B0C0DA5D6D62E57F /* markdown_parser.leg */ = {isa = PBXFileReference; lastKnownFileType = text; path = markdown_parser.leg; sourceTree = "<group>"; };
		93BFA7AC4C211049270124A2 /* GLibFacade.c */ = {isa = PBXFileReference; lastKnownFileType = sourcecode.c.c; path = GLibFacade.c; sourceTree = "<group>"; };
		99063D35BB564FCD4C824D4A /* markdown_lib.c */ = {isa = PBXFileReference; lastKnownFileType = sourcecode.c.c; path = markdown_lib.c; sourceTree = "<group>"; };
		9AA9B1AC0F13A71ADAF26853 /* glib.h */ = {isa = PBXFileReference; lastKnownFileType = sourcecode.c.h; path = glib.h; sourceTree = "<group>"; };
		AE02663ED854E81089180C53 /* markdown.c */ = {isa = PBXFileReference; lastKnownFileType = sourcecode.c.c; path = markdown.c; sourceTree = "<group>"; };
		AF1506536ECD7EDECDAF9B2B /* markdown_json.c */ = {isa = PBXFileReference; lastKnownFileType = sourcecode.c.c; path = markdown_json.c; sourceTree = "<group>"; };
		EC28522A2637C278880C68EB /* markdown-json */ = {isa = PBXFileReference; explicitFileType = "compiled.mach-o.executable"; includeInIndex = 0; path = "markdown-json"; sourceTree = BUILT_PRODUCTS_DIR; };
		F72091210ED62B600A32E43E /* utility_functions.h */ = {isa = PBXFileReference; lastKnownFileType = sourcecode.c.h; path = utility_functions.h; sourceTree = "<group>"; };
/* End PBXFileReference section */

/* Begin PBXFrameworksBuildPhase section */
		126DD1E798398DBF5684A5F8 /* Frameworks */ = {
			isa = PBXFrameworksBuildPhase;
			buildActionMask = 2147483647;
			files = (
			);
			runOnlyForDeploymentPostprocessing = 0;
		};
/* End PBXFrameworksBuildPhase section */

/* Begin PBXGroup section */
		179BBBF1A5F51CC3CCCF66F1 /* Products */ = {
			isa = PBXGroup;
			children = (
				EC28522A2637C278880C68EB /* markdown-json */,
			);
			name = Products;
			sourceTree = "<group>";
		};
		1E0C22CCEC8CB18DFF8E1B30 /* Source */ = {
			isa = PBXGroup;
			children = (
				93BFA7AC4C211049270124A2 /* GLibFacade.c */,
				074521A6FFF2C40579B53C26 /* GLibFacade.h */,
				9AA9B1AC0F13A71ADAF26853 /* glib.h */,
				AE02663ED854E81089180C53 /* markdown.c */,
				AF1506536ECD7EDECDAF9B2B /* markdown_json.c */,
				63D72140E86706FFC1EDC204 /* markdown_json.h */,
				99063D35BB564FCD4C824D4A /* markdown_lib.c */,
				18A4AD811F734E71FE99A0F2 /* markdown_lib.h */,
				37C21589DF7247DCA0DEF159 /* markdown_parser.c */,
				8FEE28F6B0C0DA5D6D62E57F /* markdown_parser.leg */,
				70E4CED09A14FAD97C1A8EDE /* markdown_peg.h */,
				47095DF9BC81671695F480AB /* parsing_functions.h */,
				F72091210ED62B600A32E43E /* utility_functions.h */,
			);
			name = Source;
			sourceTree = "<group>";
		};
		57FB01A3098C1CCB1A4795D5 = {
			isa = PBXGroup;
			children = (
				1E0C22CCEC8CB18DFF8E1B30 /* Source */,
				179BBBF1A5F51CC3CCCF66F1 /* Products */,
				820808320310435B60042EF7 /* Build */,
			);
			sourceTree = "<group>";
		};
		820808320310435B60042EF7 /* Build */ = {
			isa = PBXGroup;
			children = (
				2564D59B0944383BDF6FB805 /* markdown-json.gyp */,
			);
			name = Build;
			sourceTree = "<group>";
		};
/* End PBXGroup section */

/* Begin PBXNativeTarget section */
		68D8686CE0109C8156C7E668 /* markdown-json */ = {
			isa = PBXNativeTarget;
			buildConfigurationList = 517454EF0835BA12E5706E16 /* Build configuration list for PBXNativeTarget "markdown-json" */;
			buildPhases = (
				25C6FCED6BAB55844BE42CE7 /* Sources */,
				126DD1E798398DBF5684A5F8 /* Frameworks */,
			);
			buildRules = (
			);
			dependencies = (
				A886349BAA1BB0464CAAA05A /* PBXTargetDependency */,
			);
			name = "markdown-json";
			productName = "markdown-json";
			productReference = EC28522A2637C278880C68EB /* markdown-json */;
			productType = "com.apple.product-type.tool";
		};
/* End PBXNativeTarget section */

/* Begin PBXProject section */
		11EAA3573418BE38EB089B10 /* Project object */ = {
			isa = PBXProject;
			attributes = {
				BuildIndependentTargetsInParallel = YES;
			};
			buildConfigurationList = 691EDE0E1A6BF5DFF988D084 /* Build configuration list for PBXProject "markdown-json" */;
			compatibilityVersion = "Xcode 3.2";
			hasScannedForEncodings = 1;
			mainGroup = 57FB01A3098C1CCB1A4795D5;
			projectDirPath = "";
			projectRoot = "";
			targets = (
				68D8686CE0109C8156C7E668 /* markdown-json */,
				DF37F5BEF33F6661EFCD9E0A /* markdown-json Support */,
			);
		};
/* End PBXProject section */

/* Begin PBXShellScriptBuildPhase section */
		153D6053228C814B10795A41 /* Action "leg" */ = {
			isa = PBXShellScriptBuildPhase;
			buildActionMask = 2147483647;
			files = (
			);
			inputPaths = (
				markdown_parser.leg,
			);
			name = "Action \"leg\"";
			outputPaths = (
				markdown_parser.c,
			);
			runOnlyForDeploymentPostprocessing = 0;
			shellPath = /bin/sh;
			shellScript = "exec peg/leg -o markdown_parser.c markdown_parser.leg\nexit 1\n";
			showEnvVarsInLog = 0;
		};
/* End PBXShellScriptBuildPhase section */

/* Begin PBXSourcesBuildPhase section */
		25C6FCED6BAB55844BE42CE7 /* Sources */ = {
			isa = PBXSourcesBuildPhase;
			buildActionMask = 2147483647;
			files = (
				2A857A4EFCE548616EFED015 /* markdown.c in Sources */,
				68C66E206958085A7FB5854A /* markdown_parser.c in Sources */,
				04417C74310B361DA6EC0D25 /* markdown_lib.c in Sources */,
				E70760725822EC62E923ABBD /* GLibFacade.c in Sources */,
				50630B4BA320EC5E6C85F16F /* markdown_json.c in Sources */,
			);
			runOnlyForDeploymentPostprocessing = 0;
		};
/* End PBXSourcesBuildPhase section */

/* Begin PBXTargetDependency section */
		A886349BAA1BB0464CAAA05A /* PBXTargetDependency */ = {
			isa = PBXTargetDependency;
			target = DF37F5BEF33F6661EFCD9E0A /* markdown-json Support */;
			targetProxy = 99F7654154131F791D41FB99 /* PBXContainerItemProxy */;
		};
/* End PBXTargetDependency section */

/* Begin XCBuildConfiguration section */
		42F58CB6D7A2F9665B9FFBBC /* Debug */ = {
			isa = XCBuildConfiguration;
			buildSettings = {
				INTERMEDIATE_DIR = "$(PROJECT_DERIVED_FILE_DIR)/$(CONFIGURATION)";
				SHARED_INTERMEDIATE_DIR = "$(SYMROOT)/DerivedSources/$(CONFIGURATION)";
			};
			name = Debug;
		};
		5C1F0CB6700DCD56AF9544F6 /* Release */ = {
			isa = XCBuildConfiguration;
			buildSettings = {
				INTERMEDIATE_DIR = "$(PROJECT_DERIVED_FILE_DIR)/$(CONFIGURATION)";
				SHARED_INTERMEDIATE_DIR = "$(SYMROOT)/DerivedSources/$(CONFIGURATION)";
			};
			name = Release;
		};
		744149F3911A39A79F9E2927 /* Debug */ = {
			isa = XCBuildConfiguration;
			buildSettings = {
				PRODUCT_NAME = "markdown-json Support";
			};
			name = Debug;
		};
		9C51C57CFC9C18C830B1C86D /* Release */ = {
			isa = XCBuildConfiguration;
			buildSettings = {
				EXECUTABLE_PREFIX = "";
				GCC_PREPROCESSOR_DEFINITIONS = "\"NDEBUG\"";
				PRODUCT_NAME = "markdown-json";
			};
			name = Release;
		};
		BE8F761941F774A2AD886BB9 /* Release */ = {
			isa = XCBuildConfiguration;
			buildSettings = {
				PRODUCT_NAME = "markdown-json Support";
			};
			name = Release;
		};
		C4A7480DC4CA0F0D237F66F0 /* Debug */ = {
			isa = XCBuildConfiguration;
			buildSettings = {
				EXECUTABLE_PREFIX = "";
				GCC_PREPROCESSOR_DEFINITIONS = "\"DEBUG\"";
				PRODUCT_NAME = "markdown-json";
			};
			name = Debug;
		};
/* End XCBuildConfiguration section */

/* Begin XCConfigurationList section */
		517454EF0835BA12E5706E16 /* Build configuration list for PBXNativeTarget "markdown-json" */ = {
			isa = XCConfigurationList;
			buildConfigurations = (
				C4A7480DC4CA0F0D237F66F0 /* Debug */,
				9C51C57CFC9C18C830B1C86D /* Release */,
			);
			defaultConfigurationIsVisible = 1;
			defaultConfigurationName = Debug;
		};
		691EDE0E1A6BF5DFF988D084 /* Build configuration list for PBXProject "markdown-json" */ = {
			isa = XCConfigurationList;
			buildConfigurations = (
				42F58CB6D7A2F9665B9FFBBC /* Debug */,
				5C1F0CB6700DCD56AF9544F6 /* Release */,
			);
			defaultConfigurationIsVisible = 1;
			defaultConfigurationName = Debug;
		};
		8BE324125321FA21048A68AB /* Build configuration list for PBXAggregateTarget "markdown-json Support" */ = {
			isa = XCConfigurationList;
			buildConfigurations = (
				744149F3911A39A79F9E2927 /* Debug */,
				BE8F761941F774A2AD886BB9 /* Release */,
			);
			defaultConfigurationIsVisible = 1;
			defaultConfigurationName = Debug;
		};
/* End XCConfigurationList section */
	};
	rootObject = 11EAA3573418BE38EB089B10 /* Project object */;
}
